// !$*UTF8*$!
{
	archiveVersion = 1;
	classes = {
	};
	objectVersion = 56;
	objects = {

/* Begin PBXBuildFile section */
		D37C31BD29ADC45800C33289 /* BhagavadGitaApp.swift in Sources */ = {isa = PBXBuildFile; fileRef = D37C31BC29ADC45800C33289 /* BhagavadGitaApp.swift */; };
		D37C31BF29ADC45800C33289 /* ContentView.swift in Sources */ = {isa = PBXBuildFile; fileRef = D37C31BE29ADC45800C33289 /* ContentView.swift */; };
		D37C31C129ADC45900C33289 /* Assets.xcassets in Resources */ = {isa = PBXBuildFile; fileRef = D37C31C029ADC45900C33289 /* Assets.xcassets */; };
		D37C31C429ADC45900C33289 /* Preview Assets.xcassets in Resources */ = {isa = PBXBuildFile; fileRef = D37C31C329ADC45900C33289 /* Preview Assets.xcassets */; };
		D37C31C629ADC45900C33289 /* Persistence.swift in Sources */ = {isa = PBXBuildFile; fileRef = D37C31C529ADC45900C33289 /* Persistence.swift */; };
		D37C31C929ADC45900C33289 /* BhagavadGita.xcdatamodeld in Sources */ = {isa = PBXBuildFile; fileRef = D37C31C729ADC45900C33289 /* BhagavadGita.xcdatamodeld */; };
		D37C31D329ADC45900C33289 /* BhagavadGitaTests.swift in Sources */ = {isa = PBXBuildFile; fileRef = D37C31D229ADC45900C33289 /* BhagavadGitaTests.swift */; };
		D37C31DD29ADC45A00C33289 /* BhagavadGitaUITests.swift in Sources */ = {isa = PBXBuildFile; fileRef = D37C31DC29ADC45A00C33289 /* BhagavadGitaUITests.swift */; };
		D37C31DF29ADC45A00C33289 /* BhagavadGitaUITestsLaunchTests.swift in Sources */ = {isa = PBXBuildFile; fileRef = D37C31DE29ADC45A00C33289 /* BhagavadGitaUITestsLaunchTests.swift */; };
/* End PBXBuildFile section */

/* Begin PBXContainerItemProxy section */
		D37C31CF29ADC45900C33289 /* PBXContainerItemProxy */ = {
			isa = PBXContainerItemProxy;
			containerPortal = D37C31B129ADC45800C33289 /* Project object */;
			proxyType = 1;
			remoteGlobalIDString = D37C31B829ADC45800C33289;
			remoteInfo = BhagavadGita;
		};
		D37C31D929ADC45A00C33289 /* PBXContainerItemProxy */ = {
			isa = PBXContainerItemProxy;
			containerPortal = D37C31B129ADC45800C33289 /* Project object */;
			proxyType = 1;
			remoteGlobalIDString = D37C31B829ADC45800C33289;
			remoteInfo = BhagavadGita;
		};
/* End PBXContainerItemProxy section */

/* Begin PBXFileReference section */
		D37C31B929ADC45800C33289 /* BhagavadGita.app */ = {isa = PBXFileReference; explicitFileType = wrapper.application; includeInIndex = 0; path = BhagavadGita.app; sourceTree = BUILT_PRODUCTS_DIR; };
		D37C31BC29ADC45800C33289 /* BhagavadGitaApp.swift */ = {isa = PBXFileReference; lastKnownFileType = sourcecode.swift; path = BhagavadGitaApp.swift; sourceTree = "<group>"; };
		D37C31BE29ADC45800C33289 /* ContentView.swift */ = {isa = PBXFileReference; lastKnownFileType = sourcecode.swift; path = ContentView.swift; sourceTree = "<group>"; };
		D37C31C029ADC45900C33289 /* Assets.xcassets */ = {isa = PBXFileReference; lastKnownFileType = folder.assetcatalog; path = Assets.xcassets; sourceTree = "<group>"; };
		D37C31C329ADC45900C33289 /* Preview Assets.xcassets */ = {isa = PBXFileReference; lastKnownFileType = folder.assetcatalog; path = "Preview Assets.xcassets"; sourceTree = "<group>"; };
		D37C31C529ADC45900C33289 /* Persistence.swift */ = {isa = PBXFileReference; lastKnownFileType = sourcecode.swift; path = Persistence.swift; sourceTree = "<group>"; };
		D37C31C829ADC45900C33289 /* BhagavadGita.xcdatamodel */ = {isa = PBXFileReference; lastKnownFileType = wrapper.xcdatamodel; path = BhagavadGita.xcdatamodel; sourceTree = "<group>"; };
		D37C31CE29ADC45900C33289 /* BhagavadGitaTests.xctest */ = {isa = PBXFileReference; explicitFileType = wrapper.cfbundle; includeInIndex = 0; path = BhagavadGitaTests.xctest; sourceTree = BUILT_PRODUCTS_DIR; };
		D37C31D229ADC45900C33289 /* BhagavadGitaTests.swift */ = {isa = PBXFileReference; lastKnownFileType = sourcecode.swift; path = BhagavadGitaTests.swift; sourceTree = "<group>"; };
		D37C31D829ADC45A00C33289 /* BhagavadGitaUITests.xctest */ = {isa = PBXFileReference; explicitFileType = wrapper.cfbundle; includeInIndex = 0; path = BhagavadGitaUITests.xctest; sourceTree = BUILT_PRODUCTS_DIR; };
		D37C31DC29ADC45A00C33289 /* BhagavadGitaUITests.swift */ = {isa = PBXFileReference; lastKnownFileType = sourcecode.swift; path = BhagavadGitaUITests.swift; sourceTree = "<group>"; };
		D37C31DE29ADC45A00C33289 /* BhagavadGitaUITestsLaunchTests.swift */ = {isa = PBXFileReference; lastKnownFileType = sourcecode.swift; path = BhagavadGitaUITestsLaunchTests.swift; sourceTree = "<group>"; };
/* End PBXFileReference section */

/* Begin PBXFrameworksBuildPhase section */
		D37C31B629ADC45800C33289 /* Frameworks */ = {
			isa = PBXFrameworksBuildPhase;
			buildActionMask = 2147483647;
			files = (
			);
			runOnlyForDeploymentPostprocessing = 0;
		};
		D37C31CB29ADC45900C33289 /* Frameworks */ = {
			isa = PBXFrameworksBuildPhase;
			buildActionMask = 2147483647;
			files = (
			);
			runOnlyForDeploymentPostprocessing = 0;
		};
		D37C31D529ADC45A00C33289 /* Frameworks */ = {
			isa = PBXFrameworksBuildPhase;
			buildActionMask = 2147483647;
			files = (
			);
			runOnlyForDeploymentPostprocessing = 0;
		};
/* End PBXFrameworksBuildPhase section */

/* Begin PBXGroup section */
		D37C31B029ADC45800C33289 = {
			isa = PBXGroup;
			children = (
				D37C31BB29ADC45800C33289 /* BhagavadGita */,
				D37C31D129ADC45900C33289 /* BhagavadGitaTests */,
				D37C31DB29ADC45A00C33289 /* BhagavadGitaUITests */,
				D37C31BA29ADC45800C33289 /* Products */,
			);
			sourceTree = "<group>";
		};
		D37C31BA29ADC45800C33289 /* Products */ = {
			isa = PBXGroup;
			children = (
				D37C31B929ADC45800C33289 /* BhagavadGita.app */,
				D37C31CE29ADC45900C33289 /* BhagavadGitaTests.xctest */,
				D37C31D829ADC45A00C33289 /* BhagavadGitaUITests.xctest */,
			);
			name = Products;
			sourceTree = "<group>";
		};
		D37C31BB29ADC45800C33289 /* BhagavadGita */ = {
			isa = PBXGroup;
			children = (
				D37C31BC29ADC45800C33289 /* BhagavadGitaApp.swift */,
				D37C31BE29ADC45800C33289 /* ContentView.swift */,
				D37C31C029ADC45900C33289 /* Assets.xcassets */,
				D37C31C529ADC45900C33289 /* Persistence.swift */,
				D37C31C729ADC45900C33289 /* BhagavadGita.xcdatamodeld */,
				D37C31C229ADC45900C33289 /* Preview Content */,
			);
			path = BhagavadGita;
			sourceTree = "<group>";
		};
		D37C31C229ADC45900C33289 /* Preview Content */ = {
			isa = PBXGroup;
			children = (
				D37C31C329ADC45900C33289 /* Preview Assets.xcassets */,
			);
			path = "Preview Content";
			sourceTree = "<group>";
		};
		D37C31D129ADC45900C33289 /* BhagavadGitaTests */ = {
			isa = PBXGroup;
			children = (
				D37C31D229ADC45900C33289 /* BhagavadGitaTests.swift */,
			);
			path = BhagavadGitaTests;
			sourceTree = "<group>";
		};
		D37C31DB29ADC45A00C33289 /* BhagavadGitaUITests */ = {
			isa = PBXGroup;
			children = (
				D37C31DC29ADC45A00C33289 /* BhagavadGitaUITests.swift */,
				D37C31DE29ADC45A00C33289 /* BhagavadGitaUITestsLaunchTests.swift */,
			);
			path = BhagavadGitaUITests;
			sourceTree = "<group>";
		};
/* End PBXGroup section */

/* Begin PBXNativeTarget section */
		D37C31B829ADC45800C33289 /* BhagavadGita */ = {
			isa = PBXNativeTarget;
			buildConfigurationList = D37C31E229ADC45A00C33289 /* Build configuration list for PBXNativeTarget "BhagavadGita" */;
			buildPhases = (
				D37C31B529ADC45800C33289 /* Sources */,
				D37C31B629ADC45800C33289 /* Frameworks */,
				D37C31B729ADC45800C33289 /* Resources */,
			);
			buildRules = (
			);
			dependencies = (
			);
			name = BhagavadGita;
			productName = BhagavadGita;
			productReference = D37C31B929ADC45800C33289 /* BhagavadGita.app */;
			productType = "com.apple.product-type.application";
		};
		D37C31CD29ADC45900C33289 /* BhagavadGitaTests */ = {
			isa = PBXNativeTarget;
			buildConfigurationList = D37C31E529ADC45A00C33289 /* Build configuration list for PBXNativeTarget "BhagavadGitaTests" */;
			buildPhases = (
				D37C31CA29ADC45900C33289 /* Sources */,
				D37C31CB29ADC45900C33289 /* Frameworks */,
				D37C31CC29ADC45900C33289 /* Resources */,
			);
			buildRules = (
			);
			dependencies = (
				D37C31D029ADC45900C33289 /* PBXTargetDependency */,
			);
			name = BhagavadGitaTests;
			productName = BhagavadGitaTests;
			productReference = D37C31CE29ADC45900C33289 /* BhagavadGitaTests.xctest */;
			productType = "com.apple.product-type.bundle.unit-test";
		};
		D37C31D729ADC45A00C33289 /* BhagavadGitaUITests */ = {
			isa = PBXNativeTarget;
			buildConfigurationList = D37C31E829ADC45A00C33289 /* Build configuration list for PBXNativeTarget "BhagavadGitaUITests" */;
			buildPhases = (
				D37C31D429ADC45A00C33289 /* Sources */,
				D37C31D529ADC45A00C33289 /* Frameworks */,
				D37C31D629ADC45A00C33289 /* Resources */,
			);
			buildRules = (
			);
			dependencies = (
				D37C31DA29ADC45A00C33289 /* PBXTargetDependency */,
			);
			name = BhagavadGitaUITests;
			productName = BhagavadGitaUITests;
			productReference = D37C31D829ADC45A00C33289 /* BhagavadGitaUITests.xctest */;
			productType = "com.apple.product-type.bundle.ui-testing";
		};
/* End PBXNativeTarget section */

/* Begin PBXProject section */
		D37C31B129ADC45800C33289 /* Project object */ = {
			isa = PBXProject;
			attributes = {
				BuildIndependentTargetsInParallel = 1;
				LastSwiftUpdateCheck = 1420;
				LastUpgradeCheck = 1420;
				TargetAttributes = {
					D37C31B829ADC45800C33289 = {
						CreatedOnToolsVersion = 14.2;
					};
					D37C31CD29ADC45900C33289 = {
						CreatedOnToolsVersion = 14.2;
						TestTargetID = D37C31B829ADC45800C33289;
					};
					D37C31D729ADC45A00C33289 = {
						CreatedOnToolsVersion = 14.2;
						TestTargetID = D37C31B829ADC45800C33289;
					};
				};
			};
			buildConfigurationList = D37C31B429ADC45800C33289 /* Build configuration list for PBXProject "BhagavadGita" */;
			compatibilityVersion = "Xcode 14.0";
			developmentRegion = en;
			hasScannedForEncodings = 0;
			knownRegions = (
				en,
				Base,
			);
			mainGroup = D37C31B029ADC45800C33289;
			productRefGroup = D37C31BA29ADC45800C33289 /* Products */;
			projectDirPath = "";
			projectRoot = "";
			targets = (
				D37C31B829ADC45800C33289 /* BhagavadGita */,
				D37C31CD29ADC45900C33289 /* BhagavadGitaTests */,
				D37C31D729ADC45A00C33289 /* BhagavadGitaUITests */,
			);
		};
/* End PBXProject section */

/* Begin PBXResourcesBuildPhase section */
		D37C31B729ADC45800C33289 /* Resources */ = {
			isa = PBXResourcesBuildPhase;
			buildActionMask = 2147483647;
			files = (
				D37C31C429ADC45900C33289 /* Preview Assets.xcassets in Resources */,
				D37C31C129ADC45900C33289 /* Assets.xcassets in Resources */,
			);
			runOnlyForDeploymentPostprocessing = 0;
		};
		D37C31CC29ADC45900C33289 /* Resources */ = {
			isa = PBXResourcesBuildPhase;
			buildActionMask = 2147483647;
			files = (
			);
			runOnlyForDeploymentPostprocessing = 0;
		};
		D37C31D629ADC45A00C33289 /* Resources */ = {
			isa = PBXResourcesBuildPhase;
			buildActionMask = 2147483647;
			files = (
			);
			runOnlyForDeploymentPostprocessing = 0;
		};
/* End PBXResourcesBuildPhase section */

/* Begin PBXSourcesBuildPhase section */
		D37C31B529ADC45800C33289 /* Sources */ = {
			isa = PBXSourcesBuildPhase;
			buildActionMask = 2147483647;
			files = (
				D37C31C929ADC45900C33289 /* BhagavadGita.xcdatamodeld in Sources */,
				D37C31C629ADC45900C33289 /* Persistence.swift in Sources */,
				D37C31BF29ADC45800C33289 /* ContentView.swift in Sources */,
				D37C31BD29ADC45800C33289 /* BhagavadGitaApp.swift in Sources */,
			);
			runOnlyForDeploymentPostprocessing = 0;
		};
		D37C31CA29ADC45900C33289 /* Sources */ = {
			isa = PBXSourcesBuildPhase;
			buildActionMask = 2147483647;
			files = (
				D37C31D329ADC45900C33289 /* BhagavadGitaTests.swift in Sources */,
			);
			runOnlyForDeploymentPostprocessing = 0;
		};
		D37C31D429ADC45A00C33289 /* Sources */ = {
			isa = PBXSourcesBuildPhase;
			buildActionMask = 2147483647;
			files = (
				D37C31DD29ADC45A00C33289 /* BhagavadGitaUITests.swift in Sources */,
				D37C31DF29ADC45A00C33289 /* BhagavadGitaUITestsLaunchTests.swift in Sources */,
			);
			runOnlyForDeploymentPostprocessing = 0;
		};
/* End PBXSourcesBuildPhase section */

/* Begin PBXTargetDependency section */
		D37C31D029ADC45900C33289 /* PBXTargetDependency */ = {
			isa = PBXTargetDependency;
			target = D37C31B829ADC45800C33289 /* BhagavadGita */;
			targetProxy = D37C31CF29ADC45900C33289 /* PBXContainerItemProxy */;
		};
		D37C31DA29ADC45A00C33289 /* PBXTargetDependency */ = {
			isa = PBXTargetDependency;
			target = D37C31B829ADC45800C33289 /* BhagavadGita */;
			targetProxy = D37C31D929ADC45A00C33289 /* PBXContainerItemProxy */;
		};
/* End PBXTargetDependency section */

/* Begin XCBuildConfiguration section */
		D37C31E029ADC45A00C33289 /* Debug */ = {
			isa = XCBuildConfiguration;
			buildSettings = {
				ALWAYS_SEARCH_USER_PATHS = NO;
				CLANG_ANALYZER_NONNULL = YES;
				CLANG_ANALYZER_NUMBER_OBJECT_CONVERSION = YES_AGGRESSIVE;
				CLANG_CXX_LANGUAGE_STANDARD = "gnu++20";
				CLANG_ENABLE_MODULES = YES;
				CLANG_ENABLE_OBJC_ARC = YES;
				CLANG_ENABLE_OBJC_WEAK = YES;
				CLANG_WARN_BLOCK_CAPTURE_AUTORELEASING = YES;
				CLANG_WARN_BOOL_CONVERSION = YES;
				CLANG_WARN_COMMA = YES;
				CLANG_WARN_CONSTANT_CONVERSION = YES;
				CLANG_WARN_DEPRECATED_OBJC_IMPLEMENTATIONS = YES;
				CLANG_WARN_DIRECT_OBJC_ISA_USAGE = YES_ERROR;
				CLANG_WARN_DOCUMENTATION_COMMENTS = YES;
				CLANG_WARN_EMPTY_BODY = YES;
				CLANG_WARN_ENUM_CONVERSION = YES;
				CLANG_WARN_INFINITE_RECURSION = YES;
				CLANG_WARN_INT_CONVERSION = YES;
				CLANG_WARN_NON_LITERAL_NULL_CONVERSION = YES;
				CLANG_WARN_OBJC_IMPLICIT_RETAIN_SELF = YES;
				CLANG_WARN_OBJC_LITERAL_CONVERSION = YES;
				CLANG_WARN_OBJC_ROOT_CLASS = YES_ERROR;
				CLANG_WARN_QUOTED_INCLUDE_IN_FRAMEWORK_HEADER = YES;
				CLANG_WARN_RANGE_LOOP_ANALYSIS = YES;
				CLANG_WARN_STRICT_PROTOTYPES = YES;
				CLANG_WARN_SUSPICIOUS_MOVE = YES;
				CLANG_WARN_UNGUARDED_AVAILABILITY = YES_AGGRESSIVE;
				CLANG_WARN_UNREACHABLE_CODE = YES;
				CLANG_WARN__DUPLICATE_METHOD_MATCH = YES;
				COPY_PHASE_STRIP = NO;
				DEBUG_INFORMATION_FORMAT = dwarf;
				ENABLE_STRICT_OBJC_MSGSEND = YES;
				ENABLE_TESTABILITY = YES;
				GCC_C_LANGUAGE_STANDARD = gnu11;
				GCC_DYNAMIC_NO_PIC = NO;
				GCC_NO_COMMON_BLOCKS = YES;
				GCC_OPTIMIZATION_LEVEL = 0;
				GCC_PREPROCESSOR_DEFINITIONS = (
					"DEBUG=1",
					"$(inherited)",
				);
				GCC_WARN_64_TO_32_BIT_CONVERSION = YES;
				GCC_WARN_ABOUT_RETURN_TYPE = YES_ERROR;
				GCC_WARN_UNDECLARED_SELECTOR = YES;
				GCC_WARN_UNINITIALIZED_AUTOS = YES_AGGRESSIVE;
				GCC_WARN_UNUSED_FUNCTION = YES;
				GCC_WARN_UNUSED_VARIABLE = YES;
				IPHONEOS_DEPLOYMENT_TARGET = 16.2;
				MTL_ENABLE_DEBUG_INFO = INCLUDE_SOURCE;
				MTL_FAST_MATH = YES;
				ONLY_ACTIVE_ARCH = YES;
				SDKROOT = iphoneos;
				SWIFT_ACTIVE_COMPILATION_CONDITIONS = DEBUG;
				SWIFT_OPTIMIZATION_LEVEL = "-Onone";
			};
			name = Debug;
		};
		D37C31E129ADC45A00C33289 /* Release */ = {
			isa = XCBuildConfiguration;
			buildSettings = {
				ALWAYS_SEARCH_USER_PATHS = NO;
				CLANG_ANALYZER_NONNULL = YES;
				CLANG_ANALYZER_NUMBER_OBJECT_CONVERSION = YES_AGGRESSIVE;
				CLANG_CXX_LANGUAGE_STANDARD = "gnu++20";
				CLANG_ENABLE_MODULES = YES;
				CLANG_ENABLE_OBJC_ARC = YES;
				CLANG_ENABLE_OBJC_WEAK = YES;
				CLANG_WARN_BLOCK_CAPTURE_AUTORELEASING = YES;
				CLANG_WARN_BOOL_CONVERSION = YES;
				CLANG_WARN_COMMA = YES;
				CLANG_WARN_CONSTANT_CONVERSION = YES;
				CLANG_WARN_DEPRECATED_OBJC_IMPLEMENTATIONS = YES;
				CLANG_WARN_DIRECT_OBJC_ISA_USAGE = YES_ERROR;
				CLANG_WARN_DOCUMENTATION_COMMENTS = YES;
				CLANG_WARN_EMPTY_BODY = YES;
				CLANG_WARN_ENUM_CONVERSION = YES;
				CLANG_WARN_INFINITE_RECURSION = YES;
				CLANG_WARN_INT_CONVERSION = YES;
				CLANG_WARN_NON_LITERAL_NULL_CONVERSION = YES;
				CLANG_WARN_OBJC_IMPLICIT_RETAIN_SELF = YES;
				CLANG_WARN_OBJC_LITERAL_CONVERSION = YES;
				CLANG_WARN_OBJC_ROOT_CLASS = YES_ERROR;
				CLANG_WARN_QUOTED_INCLUDE_IN_FRAMEWORK_HEADER = YES;
				CLANG_WARN_RANGE_LOOP_ANALYSIS = YES;
				CLANG_WARN_STRICT_PROTOTYPES = YES;
				CLANG_WARN_SUSPICIOUS_MOVE = YES;
				CLANG_WARN_UNGUARDED_AVAILABILITY = YES_AGGRESSIVE;
				CLANG_WARN_UNREACHABLE_CODE = YES;
				CLANG_WARN__DUPLICATE_METHOD_MATCH = YES;
				COPY_PHASE_STRIP = NO;
				DEBUG_INFORMATION_FORMAT = "dwarf-with-dsym";
				ENABLE_NS_ASSERTIONS = NO;
				ENABLE_STRICT_OBJC_MSGSEND = YES;
				GCC_C_LANGUAGE_STANDARD = gnu11;
				GCC_NO_COMMON_BLOCKS = YES;
				GCC_WARN_64_TO_32_BIT_CONVERSION = YES;
				GCC_WARN_ABOUT_RETURN_TYPE = YES_ERROR;
				GCC_WARN_UNDECLARED_SELECTOR = YES;
				GCC_WARN_UNINITIALIZED_AUTOS = YES_AGGRESSIVE;
				GCC_WARN_UNUSED_FUNCTION = YES;
				GCC_WARN_UNUSED_VARIABLE = YES;
				IPHONEOS_DEPLOYMENT_TARGET = 16.2;
				MTL_ENABLE_DEBUG_INFO = NO;
				MTL_FAST_MATH = YES;
				SDKROOT = iphoneos;
				SWIFT_COMPILATION_MODE = wholemodule;
				SWIFT_OPTIMIZATION_LEVEL = "-O";
				VALIDATE_PRODUCT = YES;
			};
			name = Release;
		};
		D37C31E329ADC45A00C33289 /* Debug */ = {
			isa = XCBuildConfiguration;
			buildSettings = {
				ASSETCATALOG_COMPILER_APPICON_NAME = AppIcon;
				ASSETCATALOG_COMPILER_GLOBAL_ACCENT_COLOR_NAME = AccentColor;
				CODE_SIGN_STYLE = Automatic;
				CURRENT_PROJECT_VERSION = 1;
				DEVELOPMENT_ASSET_PATHS = "\"BhagavadGita/Preview Content\"";
				ENABLE_PREVIEWS = YES;
				GENERATE_INFOPLIST_FILE = YES;
				INFOPLIST_KEY_UIApplicationSceneManifest_Generation = YES;
				INFOPLIST_KEY_UIApplicationSupportsIndirectInputEvents = YES;
				INFOPLIST_KEY_UILaunchScreen_Generation = YES;
				INFOPLIST_KEY_UISupportedInterfaceOrientations_iPad = "UIInterfaceOrientationPortrait UIInterfaceOrientationPortraitUpsideDown UIInterfaceOrientationLandscapeLeft UIInterfaceOrientationLandscapeRight";
				INFOPLIST_KEY_UISupportedInterfaceOrientations_iPhone = "UIInterfaceOrientationPortrait UIInterfaceOrientationLandscapeLeft UIInterfaceOrientationLandscapeRight";
				LD_RUNPATH_SEARCH_PATHS = (
					"$(inherited)",
					"@executable_path/Frameworks",
				);
				MARKETING_VERSION = 1.0;
				PRODUCT_BUNDLE_IDENTIFIER = com.webmyne.BhagavadGita;
				PRODUCT_NAME = "$(TARGET_NAME)";
				SWIFT_EMIT_LOC_STRINGS = YES;
				SWIFT_VERSION = 5.0;
				TARGETED_DEVICE_FAMILY = "1,2";
			};
			name = Debug;
		};
		D37C31E429ADC45A00C33289 /* Release */ = {
			isa = XCBuildConfiguration;
			buildSettings = {
				ASSETCATALOG_COMPILER_APPICON_NAME = AppIcon;
				ASSETCATALOG_COMPILER_GLOBAL_ACCENT_COLOR_NAME = AccentColor;
				CODE_SIGN_STYLE = Automatic;
				CURRENT_PROJECT_VERSION = 1;
				DEVELOPMENT_ASSET_PATHS = "\"BhagavadGita/Preview Content\"";
				ENABLE_PREVIEWS = YES;
				GENERATE_INFOPLIST_FILE = YES;
				INFOPLIST_KEY_UIApplicationSceneManifest_Generation = YES;
				INFOPLIST_KEY_UIApplicationSupportsIndirectInputEvents = YES;
				INFOPLIST_KEY_UILaunchScreen_Generation = YES;
				INFOPLIST_KEY_UISupportedInterfaceOrientations_iPad = "UIInterfaceOrientationPortrait UIInterfaceOrientationPortraitUpsideDown UIInterfaceOrientationLandscapeLeft UIInterfaceOrientationLandscapeRight";
				INFOPLIST_KEY_UISupportedInterfaceOrientations_iPhone = "UIInterfaceOrientationPortrait UIInterfaceOrientationLandscapeLeft UIInterfaceOrientationLandscapeRight";
				LD_RUNPATH_SEARCH_PATHS = (
					"$(inherited)",
					"@executable_path/Frameworks",
				);
				MARKETING_VERSION = 1.0;
				PRODUCT_BUNDLE_IDENTIFIER = com.webmyne.BhagavadGita;
				PRODUCT_NAME = "$(TARGET_NAME)";
				SWIFT_EMIT_LOC_STRINGS = YES;
				SWIFT_VERSION = 5.0;
				TARGETED_DEVICE_FAMILY = "1,2";
			};
			name = Release;
		};
		D37C31E629ADC45A00C33289 /* Debug */ = {
			isa = XCBuildConfiguration;
			buildSettings = {
				ALWAYS_EMBED_SWIFT_STANDARD_LIBRARIES = YES;
				BUNDLE_LOADER = "$(TEST_HOST)";
				CODE_SIGN_STYLE = Automatic;
				CURRENT_PROJECT_VERSION = 1;
				GENERATE_INFOPLIST_FILE = YES;
				IPHONEOS_DEPLOYMENT_TARGET = 16.2;
				MARKETING_VERSION = 1.0;
				PRODUCT_BUNDLE_IDENTIFIER = com.webmyne.BhagavadGitaTests;
				PRODUCT_NAME = "$(TARGET_NAME)";
				SWIFT_EMIT_LOC_STRINGS = NO;
				SWIFT_VERSION = 5.0;
				TARGETED_DEVICE_FAMILY = "1,2";
				TEST_HOST = "$(BUILT_PRODUCTS_DIR)/BhagavadGita.app/$(BUNDLE_EXECUTABLE_FOLDER_PATH)/BhagavadGita";
			};
			name = Debug;
		};
		D37C31E729ADC45A00C33289 /* Release */ = {
			isa = XCBuildConfiguration;
			buildSettings = {
				ALWAYS_EMBED_SWIFT_STANDARD_LIBRARIES = YES;
				BUNDLE_LOADER = "$(TEST_HOST)";
				CODE_SIGN_STYLE = Automatic;
				CURRENT_PROJECT_VERSION = 1;
				GENERATE_INFOPLIST_FILE = YES;
				IPHONEOS_DEPLOYMENT_TARGET = 16.2;
				MARKETING_VERSION = 1.0;
				PRODUCT_BUNDLE_IDENTIFIER = com.webmyne.BhagavadGitaTests;
				PRODUCT_NAME = "$(TARGET_NAME)";
				SWIFT_EMIT_LOC_STRINGS = NO;
				SWIFT_VERSION = 5.0;
				TARGETED_DEVICE_FAMILY = "1,2";
				TEST_HOST = "$(BUILT_PRODUCTS_DIR)/BhagavadGita.app/$(BUNDLE_EXECUTABLE_FOLDER_PATH)/BhagavadGita";
			};
			name = Release;
		};
		D37C31E929ADC45A00C33289 /* Debug */ = {
			isa = XCBuildConfiguration;
			buildSettings = {
				ALWAYS_EMBED_SWIFT_STANDARD_LIBRARIES = YES;
				CODE_SIGN_STYLE = Automatic;
				CURRENT_PROJECT_VERSION = 1;
				GENERATE_INFOPLIST_FILE = YES;
				MARKETING_VERSION = 1.0;
				PRODUCT_BUNDLE_IDENTIFIER = com.webmyne.BhagavadGitaUITests;
				PRODUCT_NAME = "$(TARGET_NAME)";
				SWIFT_EMIT_LOC_STRINGS = NO;
				SWIFT_VERSION = 5.0;
				TARGETED_DEVICE_FAMILY = "1,2";
				TEST_TARGET_NAME = BhagavadGita;
			};
			name = Debug;
		};
		D37C31EA29ADC45A00C33289 /* Release */ = {
			isa = XCBuildConfiguration;
			buildSettings = {
				ALWAYS_EMBED_SWIFT_STANDARD_LIBRARIES = YES;
				CODE_SIGN_STYLE = Automatic;
				CURRENT_PROJECT_VERSION = 1;
				GENERATE_INFOPLIST_FILE = YES;
				MARKETING_VERSION = 1.0;
				PRODUCT_BUNDLE_IDENTIFIER = com.webmyne.BhagavadGitaUITests;
				PRODUCT_NAME = "$(TARGET_NAME)";
				SWIFT_EMIT_LOC_STRINGS = NO;
				SWIFT_VERSION = 5.0;
				TARGETED_DEVICE_FAMILY = "1,2";
				TEST_TARGET_NAME = BhagavadGita;
			};
			name = Release;
		};
/* End XCBuildConfiguration section */

/* Begin XCConfigurationList section */
		D37C31B429ADC45800C33289 /* Build configuration list for PBXProject "BhagavadGita" */ = {
			isa = XCConfigurationList;
			buildConfigurations = (
				D37C31E029ADC45A00C33289 /* Debug */,
				D37C31E129ADC45A00C33289 /* Release */,
			);
			defaultConfigurationIsVisible = 0;
			defaultConfigurationName = Release;
		};
		D37C31E229ADC45A00C33289 /* Build configuration list for PBXNativeTarget "BhagavadGita" */ = {
			isa = XCConfigurationList;
			buildConfigurations = (
				D37C31E329ADC45A00C33289 /* Debug */,
				D37C31E429ADC45A00C33289 /* Release */,
			);
			defaultConfigurationIsVisible = 0;
			defaultConfigurationName = Release;
		};
		D37C31E529ADC45A00C33289 /* Build configuration list for PBXNativeTarget "BhagavadGitaTests" */ = {
			isa = XCConfigurationList;
			buildConfigurations = (
				D37C31E629ADC45A00C33289 /* Debug */,
				D37C31E729ADC45A00C33289 /* Release */,
			);
			defaultConfigurationIsVisible = 0;
			defaultConfigurationName = Release;
		};
		D37C31E829ADC45A00C33289 /* Build configuration list for PBXNativeTarget "BhagavadGitaUITests" */ = {
			isa = XCConfigurationList;
			buildConfigurations = (
				D37C31E929ADC45A00C33289 /* Debug */,
				D37C31EA29ADC45A00C33289 /* Release */,
			);
			defaultConfigurationIsVisible = 0;
			defaultConfigurationName = Release;
		};
/* End XCConfigurationList section */

/* Begin XCVersionGroup section */
		D37C31C729ADC45900C33289 /* BhagavadGita.xcdatamodeld */ = {
			isa = XCVersionGroup;
			children = (
				D37C31C829ADC45900C33289 /* BhagavadGita.xcdatamodel */,
			);
			currentVersion = D37C31C829ADC45900C33289 /* BhagavadGita.xcdatamodel */;
			path = BhagavadGita.xcdatamodeld;
			sourceTree = "<group>";
			versionGroupType = wrapper.xcdatamodel;
		};
/* End XCVersionGroup section */
	};
	rootObject = D37C31B129ADC45800C33289 /* Project object */;
}
